// !$*UTF8*$!
{
	archiveVersion = 1;
	classes = {
	};
	objectVersion = 55;
	objects = {

/* Begin PBXBuildFile section */
		600622732829E6F7006D4120 /* PhotosTableViewCell.swift in Sources */ = {isa = PBXBuildFile; fileRef = 600622722829E6F7006D4120 /* PhotosTableViewCell.swift */; };
		600622752829EDC0006D4120 /* PhotosViewController.swift in Sources */ = {isa = PBXBuildFile; fileRef = 600622742829EDC0006D4120 /* PhotosViewController.swift */; };
		600622772829EDDB006D4120 /* PhotosCollectionViewCell.swift in Sources */ = {isa = PBXBuildFile; fileRef = 600622762829EDDB006D4120 /* PhotosCollectionViewCell.swift */; };
		600D5F022828D92E0042FB82 /* PostModel.swift in Sources */ = {isa = PBXBuildFile; fileRef = 600D5F012828D92E0042FB82 /* PostModel.swift */; };
		600D5F042829155A0042FB82 /* PostTableViewCell.swift in Sources */ = {isa = PBXBuildFile; fileRef = 600D5F032829155A0042FB82 /* PostTableViewCell.swift */; };
		600D5F0628291E0D0042FB82 /* UIView+Extension.swift in Sources */ = {isa = PBXBuildFile; fileRef = 600D5F0528291E0D0042FB82 /* UIView+Extension.swift */; };
		60100B172821469300FAD718 /* ProfileHeaderView.swift in Sources */ = {isa = PBXBuildFile; fileRef = 60100B162821469300FAD718 /* ProfileHeaderView.swift */; };
		60100B19282146AC00FAD718 /* ProfileViewController.swift in Sources */ = {isa = PBXBuildFile; fileRef = 60100B18282146AC00FAD718 /* ProfileViewController.swift */; };
		601556A12820B2040052B189 /* AppDelegate.swift in Sources */ = {isa = PBXBuildFile; fileRef = 601556A02820B2040052B189 /* AppDelegate.swift */; };
		601556AA2820B2060052B189 /* Assets.xcassets in Resources */ = {isa = PBXBuildFile; fileRef = 601556A92820B2060052B189 /* Assets.xcassets */; };
		601556AD2820B2060052B189 /* LaunchScreen.storyboard in Resources */ = {isa = PBXBuildFile; fileRef = 601556AB2820B2060052B189 /* LaunchScreen.storyboard */; };
		601556B52820B91F0052B189 /* SettingsTabViewController.swift in Sources */ = {isa = PBXBuildFile; fileRef = 601556B42820B91F0052B189 /* SettingsTabViewController.swift */; };
		601556BB2820C10C0052B189 /* FeedViewController.swift in Sources */ = {isa = PBXBuildFile; fileRef = 601556BA2820C10C0052B189 /* FeedViewController.swift */; };
		601556BF2820C2050052B189 /* PostViewController.swift in Sources */ = {isa = PBXBuildFile; fileRef = 601556BE2820C2050052B189 /* PostViewController.swift */; };
		601556C12820CF2F0052B189 /* InfoViewController.swift in Sources */ = {isa = PBXBuildFile; fileRef = 601556C02820CF2F0052B189 /* InfoViewController.swift */; };
		60329F7D28269FA8001C7783 /* LogInViewController.swift in Sources */ = {isa = PBXBuildFile; fileRef = 60329F7C28269FA8001C7783 /* LogInViewController.swift */; };
		603B3587283FB55200271909 /* CurrentPostViewController.swift in Sources */ = {isa = PBXBuildFile; fileRef = 603B3586283FB55200271909 /* CurrentPostViewController.swift */; };
		60568E9A2825133A00744BDB /* SceneDelegate.swift in Sources */ = {isa = PBXBuildFile; fileRef = 60568E992825133A00744BDB /* SceneDelegate.swift */; };
		605C333B282F61160024C1E3 /* PhotoModel.swift in Sources */ = {isa = PBXBuildFile; fileRef = 605C333A282F61160024C1E3 /* PhotoModel.swift */; };
/* End PBXBuildFile section */

/* Begin PBXFileReference section */
		600622722829E6F7006D4120 /* PhotosTableViewCell.swift */ = {isa = PBXFileReference; lastKnownFileType = sourcecode.swift; path = PhotosTableViewCell.swift; sourceTree = "<group>"; };
		600622742829EDC0006D4120 /* PhotosViewController.swift */ = {isa = PBXFileReference; lastKnownFileType = sourcecode.swift; path = PhotosViewController.swift; sourceTree = "<group>"; };
		600622762829EDDB006D4120 /* PhotosCollectionViewCell.swift */ = {isa = PBXFileReference; lastKnownFileType = sourcecode.swift; path = PhotosCollectionViewCell.swift; sourceTree = "<group>"; };
		600D5F012828D92E0042FB82 /* PostModel.swift */ = {isa = PBXFileReference; lastKnownFileType = sourcecode.swift; path = PostModel.swift; sourceTree = "<group>"; };
		600D5F032829155A0042FB82 /* PostTableViewCell.swift */ = {isa = PBXFileReference; lastKnownFileType = sourcecode.swift; path = PostTableViewCell.swift; sourceTree = "<group>"; };
		600D5F0528291E0D0042FB82 /* UIView+Extension.swift */ = {isa = PBXFileReference; lastKnownFileType = sourcecode.swift; path = "UIView+Extension.swift"; sourceTree = "<group>"; };
		60100B162821469300FAD718 /* ProfileHeaderView.swift */ = {isa = PBXFileReference; lastKnownFileType = sourcecode.swift; path = ProfileHeaderView.swift; sourceTree = "<group>"; };
		60100B18282146AC00FAD718 /* ProfileViewController.swift */ = {isa = PBXFileReference; lastKnownFileType = sourcecode.swift; path = ProfileViewController.swift; sourceTree = "<group>"; };
		6015569D2820B2040052B189 /* Navigation.app */ = {isa = PBXFileReference; explicitFileType = wrapper.application; includeInIndex = 0; path = Navigation.app; sourceTree = BUILT_PRODUCTS_DIR; };
		601556A02820B2040052B189 /* AppDelegate.swift */ = {isa = PBXFileReference; lastKnownFileType = sourcecode.swift; path = AppDelegate.swift; sourceTree = "<group>"; };
		601556A92820B2060052B189 /* Assets.xcassets */ = {isa = PBXFileReference; lastKnownFileType = folder.assetcatalog; path = Assets.xcassets; sourceTree = "<group>"; };
		601556AC2820B2060052B189 /* Base */ = {isa = PBXFileReference; lastKnownFileType = file.storyboard; name = Base; path = Base.lproj/LaunchScreen.storyboard; sourceTree = "<group>"; };
		601556AE2820B2060052B189 /* Info.plist */ = {isa = PBXFileReference; lastKnownFileType = text.plist.xml; path = Info.plist; sourceTree = "<group>"; };
		601556B42820B91F0052B189 /* SettingsTabViewController.swift */ = {isa = PBXFileReference; lastKnownFileType = sourcecode.swift; path = SettingsTabViewController.swift; sourceTree = "<group>"; };
		601556BA2820C10C0052B189 /* FeedViewController.swift */ = {isa = PBXFileReference; lastKnownFileType = sourcecode.swift; path = FeedViewController.swift; sourceTree = "<group>"; };
		601556BE2820C2050052B189 /* PostViewController.swift */ = {isa = PBXFileReference; lastKnownFileType = sourcecode.swift; path = PostViewController.swift; sourceTree = "<group>"; };
		601556C02820CF2F0052B189 /* InfoViewController.swift */ = {isa = PBXFileReference; lastKnownFileType = sourcecode.swift; path = InfoViewController.swift; sourceTree = "<group>"; };
		60329F7C28269FA8001C7783 /* LogInViewController.swift */ = {isa = PBXFileReference; lastKnownFileType = sourcecode.swift; path = LogInViewController.swift; sourceTree = "<group>"; };
		603B3586283FB55200271909 /* CurrentPostViewController.swift */ = {isa = PBXFileReference; lastKnownFileType = sourcecode.swift; path = CurrentPostViewController.swift; sourceTree = "<group>"; };
		60568E992825133A00744BDB /* SceneDelegate.swift */ = {isa = PBXFileReference; lastKnownFileType = sourcecode.swift; path = SceneDelegate.swift; sourceTree = "<group>"; };
		605C333A282F61160024C1E3 /* PhotoModel.swift */ = {isa = PBXFileReference; lastKnownFileType = sourcecode.swift; path = PhotoModel.swift; sourceTree = "<group>"; };
/* End PBXFileReference section */

/* Begin PBXFrameworksBuildPhase section */
		6015569A2820B2040052B189 /* Frameworks */ = {
			isa = PBXFrameworksBuildPhase;
			buildActionMask = 2147483647;
			files = (
			);
			runOnlyForDeploymentPostprocessing = 0;
		};
/* End PBXFrameworksBuildPhase section */

/* Begin PBXGroup section */
		60100B152821464100FAD718 /* Profile */ = {
			isa = PBXGroup;
			children = (
				600D5F012828D92E0042FB82 /* PostModel.swift */,
				605C333A282F61160024C1E3 /* PhotoModel.swift */,
				60100B162821469300FAD718 /* ProfileHeaderView.swift */,
				600622722829E6F7006D4120 /* PhotosTableViewCell.swift */,
				600D5F032829155A0042FB82 /* PostTableViewCell.swift */,
				603B3586283FB55200271909 /* CurrentPostViewController.swift */,
				60100B18282146AC00FAD718 /* ProfileViewController.swift */,
				600622762829EDDB006D4120 /* PhotosCollectionViewCell.swift */,
				600622742829EDC0006D4120 /* PhotosViewController.swift */,
				60329F7C28269FA8001C7783 /* LogInViewController.swift */,
			);
			path = Profile;
			sourceTree = "<group>";
		};
		601556942820B2040052B189 = {
			isa = PBXGroup;
			children = (
				6015569F2820B2040052B189 /* Navigation */,
				6015569E2820B2040052B189 /* Products */,
			);
			sourceTree = "<group>";
		};
		6015569E2820B2040052B189 /* Products */ = {
			isa = PBXGroup;
			children = (
				6015569D2820B2040052B189 /* Navigation.app */,
			);
			name = Products;
			sourceTree = "<group>";
		};
		6015569F2820B2040052B189 /* Navigation */ = {
			isa = PBXGroup;
			children = (
				60100B152821464100FAD718 /* Profile */,
				601556A02820B2040052B189 /* AppDelegate.swift */,
				60568E992825133A00744BDB /* SceneDelegate.swift */,
				601556BA2820C10C0052B189 /* FeedViewController.swift */,
				601556BE2820C2050052B189 /* PostViewController.swift */,
				601556C02820CF2F0052B189 /* InfoViewController.swift */,
				601556B42820B91F0052B189 /* SettingsTabViewController.swift */,
				600D5F0528291E0D0042FB82 /* UIView+Extension.swift */,
				601556A92820B2060052B189 /* Assets.xcassets */,
				601556AB2820B2060052B189 /* LaunchScreen.storyboard */,
				601556AE2820B2060052B189 /* Info.plist */,
			);
			path = Navigation;
			sourceTree = "<group>";
		};
/* End PBXGroup section */

/* Begin PBXNativeTarget section */
		6015569C2820B2040052B189 /* Navigation */ = {
			isa = PBXNativeTarget;
			buildConfigurationList = 601556B12820B2060052B189 /* Build configuration list for PBXNativeTarget "Navigation" */;
			buildPhases = (
				601556992820B2040052B189 /* Sources */,
				6015569A2820B2040052B189 /* Frameworks */,
				6015569B2820B2040052B189 /* Resources */,
			);
			buildRules = (
			);
			dependencies = (
			);
			name = Navigation;
			productName = Navigation;
			productReference = 6015569D2820B2040052B189 /* Navigation.app */;
			productType = "com.apple.product-type.application";
		};
/* End PBXNativeTarget section */

/* Begin PBXProject section */
		601556952820B2040052B189 /* Project object */ = {
			isa = PBXProject;
			attributes = {
				BuildIndependentTargetsInParallel = 1;
				LastSwiftUpdateCheck = 1320;
				LastUpgradeCheck = 1320;
				TargetAttributes = {
					6015569C2820B2040052B189 = {
						CreatedOnToolsVersion = 13.2;
					};
				};
			};
			buildConfigurationList = 601556982820B2040052B189 /* Build configuration list for PBXProject "Navigation" */;
			compatibilityVersion = "Xcode 13.0";
			developmentRegion = en;
			hasScannedForEncodings = 0;
			knownRegions = (
				en,
				Base,
			);
			mainGroup = 601556942820B2040052B189;
			productRefGroup = 6015569E2820B2040052B189 /* Products */;
			projectDirPath = "";
			projectRoot = "";
			targets = (
				6015569C2820B2040052B189 /* Navigation */,
			);
		};
/* End PBXProject section */

/* Begin PBXResourcesBuildPhase section */
		6015569B2820B2040052B189 /* Resources */ = {
			isa = PBXResourcesBuildPhase;
			buildActionMask = 2147483647;
			files = (
				601556AD2820B2060052B189 /* LaunchScreen.storyboard in Resources */,
				601556AA2820B2060052B189 /* Assets.xcassets in Resources */,
			);
			runOnlyForDeploymentPostprocessing = 0;
		};
/* End PBXResourcesBuildPhase section */

/* Begin PBXSourcesBuildPhase section */
		601556992820B2040052B189 /* Sources */ = {
			isa = PBXSourcesBuildPhase;
			buildActionMask = 2147483647;
			files = (
				600D5F042829155A0042FB82 /* PostTableViewCell.swift in Sources */,
				601556B52820B91F0052B189 /* SettingsTabViewController.swift in Sources */,
				600D5F022828D92E0042FB82 /* PostModel.swift in Sources */,
				601556BB2820C10C0052B189 /* FeedViewController.swift in Sources */,
				60329F7D28269FA8001C7783 /* LogInViewController.swift in Sources */,
				601556A12820B2040052B189 /* AppDelegate.swift in Sources */,
				605C333B282F61160024C1E3 /* PhotoModel.swift in Sources */,
				600D5F0628291E0D0042FB82 /* UIView+Extension.swift in Sources */,
				60100B172821469300FAD718 /* ProfileHeaderView.swift in Sources */,
				601556C12820CF2F0052B189 /* InfoViewController.swift in Sources */,
				600622732829E6F7006D4120 /* PhotosTableViewCell.swift in Sources */,
				60100B19282146AC00FAD718 /* ProfileViewController.swift in Sources */,
				600622772829EDDB006D4120 /* PhotosCollectionViewCell.swift in Sources */,
				600622752829EDC0006D4120 /* PhotosViewController.swift in Sources */,
				601556BF2820C2050052B189 /* PostViewController.swift in Sources */,
				60568E9A2825133A00744BDB /* SceneDelegate.swift in Sources */,
				603B3587283FB55200271909 /* CurrentPostViewController.swift in Sources */,
			);
			runOnlyForDeploymentPostprocessing = 0;
		};
/* End PBXSourcesBuildPhase section */

/* Begin PBXVariantGroup section */
		601556AB2820B2060052B189 /* LaunchScreen.storyboard */ = {
			isa = PBXVariantGroup;
			children = (
				601556AC2820B2060052B189 /* Base */,
			);
			name = LaunchScreen.storyboard;
			sourceTree = "<group>";
		};
/* End PBXVariantGroup section */

/* Begin XCBuildConfiguration section */
		601556AF2820B2060052B189 /* Debug */ = {
			isa = XCBuildConfiguration;
			buildSettings = {
				ALWAYS_SEARCH_USER_PATHS = NO;
				CLANG_ANALYZER_NONNULL = YES;
				CLANG_ANALYZER_NUMBER_OBJECT_CONVERSION = YES_AGGRESSIVE;
				CLANG_CXX_LANGUAGE_STANDARD = "gnu++17";
				CLANG_CXX_LIBRARY = "libc++";
				CLANG_ENABLE_MODULES = YES;
				CLANG_ENABLE_OBJC_ARC = YES;
				CLANG_ENABLE_OBJC_WEAK = YES;
				CLANG_WARN_BLOCK_CAPTURE_AUTORELEASING = YES;
				CLANG_WARN_BOOL_CONVERSION = YES;
				CLANG_WARN_COMMA = YES;
				CLANG_WARN_CONSTANT_CONVERSION = YES;
				CLANG_WARN_DEPRECATED_OBJC_IMPLEMENTATIONS = YES;
				CLANG_WARN_DIRECT_OBJC_ISA_USAGE = YES_ERROR;
				CLANG_WARN_DOCUMENTATION_COMMENTS = YES;
				CLANG_WARN_EMPTY_BODY = YES;
				CLANG_WARN_ENUM_CONVERSION = YES;
				CLANG_WARN_INFINITE_RECURSION = YES;
				CLANG_WARN_INT_CONVERSION = YES;
				CLANG_WARN_NON_LITERAL_NULL_CONVERSION = YES;
				CLANG_WARN_OBJC_IMPLICIT_RETAIN_SELF = YES;
				CLANG_WARN_OBJC_LITERAL_CONVERSION = YES;
				CLANG_WARN_OBJC_ROOT_CLASS = YES_ERROR;
				CLANG_WARN_QUOTED_INCLUDE_IN_FRAMEWORK_HEADER = YES;
				CLANG_WARN_RANGE_LOOP_ANALYSIS = YES;
				CLANG_WARN_STRICT_PROTOTYPES = YES;
				CLANG_WARN_SUSPICIOUS_MOVE = YES;
				CLANG_WARN_UNGUARDED_AVAILABILITY = YES_AGGRESSIVE;
				CLANG_WARN_UNREACHABLE_CODE = YES;
				CLANG_WARN__DUPLICATE_METHOD_MATCH = YES;
				COPY_PHASE_STRIP = NO;
				DEBUG_INFORMATION_FORMAT = dwarf;
				ENABLE_STRICT_OBJC_MSGSEND = YES;
				ENABLE_TESTABILITY = YES;
				GCC_C_LANGUAGE_STANDARD = gnu11;
				GCC_DYNAMIC_NO_PIC = NO;
				GCC_NO_COMMON_BLOCKS = YES;
				GCC_OPTIMIZATION_LEVEL = 0;
				GCC_PREPROCESSOR_DEFINITIONS = (
					"DEBUG=1",
					"$(inherited)",
				);
				GCC_WARN_64_TO_32_BIT_CONVERSION = YES;
				GCC_WARN_ABOUT_RETURN_TYPE = YES_ERROR;
				GCC_WARN_UNDECLARED_SELECTOR = YES;
				GCC_WARN_UNINITIALIZED_AUTOS = YES_AGGRESSIVE;
				GCC_WARN_UNUSED_FUNCTION = YES;
				GCC_WARN_UNUSED_VARIABLE = YES;
				IPHONEOS_DEPLOYMENT_TARGET = 15.2;
				MTL_ENABLE_DEBUG_INFO = INCLUDE_SOURCE;
				MTL_FAST_MATH = YES;
				ONLY_ACTIVE_ARCH = YES;
				SDKROOT = iphoneos;
				SWIFT_ACTIVE_COMPILATION_CONDITIONS = DEBUG;
				SWIFT_OPTIMIZATION_LEVEL = "-Onone";
			};
			name = Debug;
		};
		601556B02820B2060052B189 /* Release */ = {
			isa = XCBuildConfiguration;
			buildSettings = {
				ALWAYS_SEARCH_USER_PATHS = NO;
				CLANG_ANALYZER_NONNULL = YES;
				CLANG_ANALYZER_NUMBER_OBJECT_CONVERSION = YES_AGGRESSIVE;
				CLANG_CXX_LANGUAGE_STANDARD = "gnu++17";
				CLANG_CXX_LIBRARY = "libc++";
				CLANG_ENABLE_MODULES = YES;
				CLANG_ENABLE_OBJC_ARC = YES;
				CLANG_ENABLE_OBJC_WEAK = YES;
				CLANG_WARN_BLOCK_CAPTURE_AUTORELEASING = YES;
				CLANG_WARN_BOOL_CONVERSION = YES;
				CLANG_WARN_COMMA = YES;
				CLANG_WARN_CONSTANT_CONVERSION = YES;
				CLANG_WARN_DEPRECATED_OBJC_IMPLEMENTATIONS = YES;
				CLANG_WARN_DIRECT_OBJC_ISA_USAGE = YES_ERROR;
				CLANG_WARN_DOCUMENTATION_COMMENTS = YES;
				CLANG_WARN_EMPTY_BODY = YES;
				CLANG_WARN_ENUM_CONVERSION = YES;
				CLANG_WARN_INFINITE_RECURSION = YES;
				CLANG_WARN_INT_CONVERSION = YES;
				CLANG_WARN_NON_LITERAL_NULL_CONVERSION = YES;
				CLANG_WARN_OBJC_IMPLICIT_RETAIN_SELF = YES;
				CLANG_WARN_OBJC_LITERAL_CONVERSION = YES;
				CLANG_WARN_OBJC_ROOT_CLASS = YES_ERROR;
				CLANG_WARN_QUOTED_INCLUDE_IN_FRAMEWORK_HEADER = YES;
				CLANG_WARN_RANGE_LOOP_ANALYSIS = YES;
				CLANG_WARN_STRICT_PROTOTYPES = YES;
				CLANG_WARN_SUSPICIOUS_MOVE = YES;
				CLANG_WARN_UNGUARDED_AVAILABILITY = YES_AGGRESSIVE;
				CLANG_WARN_UNREACHABLE_CODE = YES;
				CLANG_WARN__DUPLICATE_METHOD_MATCH = YES;
				COPY_PHASE_STRIP = NO;
				DEBUG_INFORMATION_FORMAT = "dwarf-with-dsym";
				ENABLE_NS_ASSERTIONS = NO;
				ENABLE_STRICT_OBJC_MSGSEND = YES;
				GCC_C_LANGUAGE_STANDARD = gnu11;
				GCC_NO_COMMON_BLOCKS = YES;
				GCC_WARN_64_TO_32_BIT_CONVERSION = YES;
				GCC_WARN_ABOUT_RETURN_TYPE = YES_ERROR;
				GCC_WARN_UNDECLARED_SELECTOR = YES;
				GCC_WARN_UNINITIALIZED_AUTOS = YES_AGGRESSIVE;
				GCC_WARN_UNUSED_FUNCTION = YES;
				GCC_WARN_UNUSED_VARIABLE = YES;
				IPHONEOS_DEPLOYMENT_TARGET = 15.2;
				MTL_ENABLE_DEBUG_INFO = NO;
				MTL_FAST_MATH = YES;
				SDKROOT = iphoneos;
				SWIFT_COMPILATION_MODE = wholemodule;
				SWIFT_OPTIMIZATION_LEVEL = "-O";
				VALIDATE_PRODUCT = YES;
			};
			name = Release;
		};
		601556B22820B2060052B189 /* Debug */ = {
			isa = XCBuildConfiguration;
			buildSettings = {
				ASSETCATALOG_COMPILER_APPICON_NAME = AppIcon;
				ASSETCATALOG_COMPILER_GLOBAL_ACCENT_COLOR_NAME = AccentColor;
				CODE_SIGN_STYLE = Automatic;
				CURRENT_PROJECT_VERSION = 1;
				GENERATE_INFOPLIST_FILE = YES;
				INFOPLIST_FILE = Navigation/Info.plist;
				INFOPLIST_KEY_UIApplicationSupportsIndirectInputEvents = YES;
				INFOPLIST_KEY_UILaunchStoryboardName = LaunchScreen;
				INFOPLIST_KEY_UISupportedInterfaceOrientations_iPad = "UIInterfaceOrientationPortrait UIInterfaceOrientationPortraitUpsideDown UIInterfaceOrientationLandscapeLeft UIInterfaceOrientationLandscapeRight";
				INFOPLIST_KEY_UISupportedInterfaceOrientations_iPhone = "UIInterfaceOrientationPortrait UIInterfaceOrientationLandscapeLeft UIInterfaceOrientationLandscapeRight";
				LD_RUNPATH_SEARCH_PATHS = (
					"$(inherited)",
					"@executable_path/Frameworks",
				);
				MARKETING_VERSION = 1.0;
				PRODUCT_BUNDLE_IDENTIFIER = AKryuchkov.Navigation;
				PRODUCT_NAME = "$(TARGET_NAME)";
				SWIFT_EMIT_LOC_STRINGS = YES;
				SWIFT_VERSION = 5.0;
				TARGETED_DEVICE_FAMILY = "1,2";
			};
			name = Debug;
		};
		601556B32820B2060052B189 /* Release */ = {
			isa = XCBuildConfiguration;
			buildSettings = {
				ASSETCATALOG_COMPILER_APPICON_NAME = AppIcon;
				ASSETCATALOG_COMPILER_GLOBAL_ACCENT_COLOR_NAME = AccentColor;
				CODE_SIGN_STYLE = Automatic;
				CURRENT_PROJECT_VERSION = 1;
				GENERATE_INFOPLIST_FILE = YES;
				INFOPLIST_FILE = Navigation/Info.plist;
				INFOPLIST_KEY_UIApplicationSupportsIndirectInputEvents = YES;
				INFOPLIST_KEY_UILaunchStoryboardName = LaunchScreen;
				INFOPLIST_KEY_UISupportedInterfaceOrientations_iPad = "UIInterfaceOrientationPortrait UIInterfaceOrientationPortraitUpsideDown UIInterfaceOrientationLandscapeLeft UIInterfaceOrientationLandscapeRight";
				INFOPLIST_KEY_UISupportedInterfaceOrientations_iPhone = "UIInterfaceOrientationPortrait UIInterfaceOrientationLandscapeLeft UIInterfaceOrientationLandscapeRight";
				LD_RUNPATH_SEARCH_PATHS = (
					"$(inherited)",
					"@executable_path/Frameworks",
				);
				MARKETING_VERSION = 1.0;
				PRODUCT_BUNDLE_IDENTIFIER = AKryuchkov.Navigation;
				PRODUCT_NAME = "$(TARGET_NAME)";
				SWIFT_EMIT_LOC_STRINGS = YES;
				SWIFT_VERSION = 5.0;
				TARGETED_DEVICE_FAMILY = "1,2";
			};
			name = Release;
		};
/* End XCBuildConfiguration section */

/* Begin XCConfigurationList section */
		601556982820B2040052B189 /* Build configuration list for PBXProject "Navigation" */ = {
			isa = XCConfigurationList;
			buildConfigurations = (
				601556AF2820B2060052B189 /* Debug */,
				601556B02820B2060052B189 /* Release */,
			);
			defaultConfigurationIsVisible = 0;
			defaultConfigurationName = Release;
		};
		601556B12820B2060052B189 /* Build configuration list for PBXNativeTarget "Navigation" */ = {
			isa = XCConfigurationList;
			buildConfigurations = (
				601556B22820B2060052B189 /* Debug */,
				601556B32820B2060052B189 /* Release */,
			);
			defaultConfigurationIsVisible = 0;
			defaultConfigurationName = Release;
		};
/* End XCConfigurationList section */
	};
	rootObject = 601556952820B2040052B189 /* Project object */;
}
